
Microsoft Visual Studio Solution File, Format Version 12.00
# Visual Studio Version 17
VisualStudioVersion = 17.14.36616.10 d17.14
MinimumVisualStudioVersion = 10.0.40219.1
Project("{FAE04EC0-301F-11D3-BF4B-00C04F79EFBC}") = "SDD_Api", "SDD_Api\SDD_Api.csproj", "{BF3CFAE7-A753-464D-9E1C-E01A4A949536}"
EndProject
Global
	GlobalSection(SolutionConfigurationPlatforms) = preSolution
		Debug|Any CPU = Debug|Any CPU
		Release|Any CPU = Release|Any CPU
	EndGlobalSection
	GlobalSection(ProjectConfigurationPlatforms) = postSolution
		{BF3CFAE7-A753-464D-9E1C-E01A4A949536}.Debug|Any CPU.ActiveCfg = Debug|Any CPU
		{BF3CFAE7-A753-464D-9E1C-E01A4A949536}.Debug|Any CPU.Build.0 = Debug|Any CPU
		{BF3CFAE7-A753-464D-9E1C-E01A4A949536}.Release|Any CPU.ActiveCfg = Release|Any CPU
		{BF3CFAE7-A753-464D-9E1C-E01A4A949536}.Release|Any CPU.Build.0 = Release|Any CPU
	EndGlobalSection
	GlobalSection(SolutionProperties) = preSolution
		HideSolutionNode = FALSE
	EndGlobalSection
	GlobalSection(ExtensibilityGlobals) = postSolution
		SolutionGuid = {AE3B6FFA-E39C-408A-9AA1-B49AD60ED440}
	EndGlobalSection
EndGlobal
